
Microsoft Visual Studio Solution File, Format Version 12.00
# Visual Studio 14
VisualStudioVersion = 14.0.25420.1
MinimumVisualStudioVersion = 10.0.40219.1
Project("{FAE04EC0-301F-11D3-BF4B-00C04F79EFBC}") = "LinqQueryParser.Tests", "LinqQueryParser.Tests\LinqQueryParser.Tests.csproj", "{54864CB4-9018-4790-B825-48ABEDA291A1}"
EndProject
Project("{FAE04EC0-301F-11D3-BF4B-00C04F79EFBC}") = "LinqQueryParser.Engine", "LinqQueryParser.Engine\LinqQueryParser.Engine.csproj", "{7527C3DB-0465-40C4-B59F-831D0F1E194C}"
EndProject
Project("{FAE04EC0-301F-11D3-BF4B-00C04F79EFBC}") = "LinqQueryParser.Win", "LinqQueryParser.Win\LinqQueryParser.Win.csproj", "{D88AA8DD-FD38-4F5B-9E5E-C94D3A851F1E}"
EndProject
Global
	GlobalSection(SolutionConfigurationPlatforms) = preSolution
		Debug|Any CPU = Debug|Any CPU
		Release|Any CPU = Release|Any CPU
	EndGlobalSection
	GlobalSection(ProjectConfigurationPlatforms) = postSolution
		{54864CB4-9018-4790-B825-48ABEDA291A1}.Debug|Any CPU.ActiveCfg = Debug|Any CPU
		{54864CB4-9018-4790-B825-48ABEDA291A1}.Debug|Any CPU.Build.0 = Debug|Any CPU
		{54864CB4-9018-4790-B825-48ABEDA291A1}.Release|Any CPU.ActiveCfg = Release|Any CPU
		{54864CB4-9018-4790-B825-48ABEDA291A1}.Release|Any CPU.Build.0 = Release|Any CPU
		{7527C3DB-0465-40C4-B59F-831D0F1E194C}.Debug|Any CPU.ActiveCfg = Debug|Any CPU
		{7527C3DB-0465-40C4-B59F-831D0F1E194C}.Debug|Any CPU.Build.0 = Debug|Any CPU
		{7527C3DB-0465-40C4-B59F-831D0F1E194C}.Release|Any CPU.ActiveCfg = Release|Any CPU
		{7527C3DB-0465-40C4-B59F-831D0F1E194C}.Release|Any CPU.Build.0 = Release|Any CPU
		{D88AA8DD-FD38-4F5B-9E5E-C94D3A851F1E}.Debug|Any CPU.ActiveCfg = Debug|Any CPU
		{D88AA8DD-FD38-4F5B-9E5E-C94D3A851F1E}.Debug|Any CPU.Build.0 = Debug|Any CPU
		{D88AA8DD-FD38-4F5B-9E5E-C94D3A851F1E}.Release|Any CPU.ActiveCfg = Release|Any CPU
		{D88AA8DD-FD38-4F5B-9E5E-C94D3A851F1E}.Release|Any CPU.Build.0 = Release|Any CPU
	EndGlobalSection
	GlobalSection(SolutionProperties) = preSolution
		HideSolutionNode = FALSE
	EndGlobalSection
EndGlobal
